
Microsoft Visual Studio Solution File, Format Version 12.00
# Visual Studio Version 16
VisualStudioVersion = 16.0.31112.23
MinimumVisualStudioVersion = 10.0.40219.1
Project("{FAE04EC0-301F-11D3-BF4B-00C04F79EFBC}") = "shl.sierra.core", "shl.sierra.core\shl.sierra.core.csproj", "{979FA0EE-99F3-474B-B4FB-E76FDBF0E10B}"
EndProject
Global
	GlobalSection(SolutionConfigurationPlatforms) = preSolution
		Debug|Any CPU = Debug|Any CPU
		Release|Any CPU = Release|Any CPU
	EndGlobalSection
	GlobalSection(ProjectConfigurationPlatforms) = postSolution
		{979FA0EE-99F3-474B-B4FB-E76FDBF0E10B}.Debug|Any CPU.ActiveCfg = Debug|Any CPU
		{979FA0EE-99F3-474B-B4FB-E76FDBF0E10B}.Debug|Any CPU.Build.0 = Debug|Any CPU
		{979FA0EE-99F3-474B-B4FB-E76FDBF0E10B}.Release|Any CPU.ActiveCfg = Release|Any CPU
		{979FA0EE-99F3-474B-B4FB-E76FDBF0E10B}.Release|Any CPU.Build.0 = Release|Any CPU
	EndGlobalSection
	GlobalSection(SolutionProperties) = preSolution
		HideSolutionNode = FALSE
	EndGlobalSection
	GlobalSection(ExtensibilityGlobals) = postSolution
		SolutionGuid = {D437BDFC-779D-4DE4-9584-57EA559B7297}
	EndGlobalSection
EndGlobal
